
Microsoft Visual Studio Solution File, Format Version 12.00
# Visual Studio Version 17
VisualStudioVersion = 17.1.32228.430
MinimumVisualStudioVersion = 10.0.40219.1
Project("{2150E333-8FDC-42A3-9474-1A3956D46DE8}") = "src", "src", "{60A9E2EA-FB2D-494C-A562-C2F6350338EA}"
EndProject
Project("{2150E333-8FDC-42A3-9474-1A3956D46DE8}") = "tests", "tests", "{82378BB7-307D-4886-90AF-A71A0E807FE3}"
EndProject
Project("{9A19103F-16F7-4668-BE54-9A1E7A4F7556}") = "TDDCourse.Calculator", "src\TDDCourse.Calculator\TDDCourse.Calculator.csproj", "{52DBEC11-BAD9-4136-8091-D19E8F2927EA}"
EndProject
Project("{9A19103F-16F7-4668-BE54-9A1E7A4F7556}") = "TDDCourse.DvdLibrary", "src\TDDCourse.DvdLibrary\TDDCourse.DvdLibrary.csproj", "{38E8FD10-2C86-4B5F-9EA4-1C46F12B678D}"
EndProject
Project("{FAE04EC0-301F-11D3-BF4B-00C04F79EFBC}") = "TDDCourse.DvdLibrary.Test", "tests\TDDCourse.DvdLibrary.Test\TDDCourse.DvdLibrary.Test.csproj", "{38C32B15-F619-4179-A9EE-CBA01C050E84}"
EndProject
Project("{FAE04EC0-301F-11D3-BF4B-00C04F79EFBC}") = "TDDCourse.Calculator.Test", "tests\TDDCourse.Calculator.Test\TDDCourse.Calculator.Test.csproj", "{058012C4-A9E6-462A-90BE-6710470B2016}"
EndProject
Project("{FAE04EC0-301F-11D3-BF4B-00C04F79EFBC}") = "TDDCourse.ShoppingBasket", "src\TDDCourse.ShoppingBasket\TDDCourse.ShoppingBasket.csproj", "{3D089A5A-2D01-49C1-B4D7-FADD0DAEAFFE}"
EndProject
Project("{FAE04EC0-301F-11D3-BF4B-00C04F79EFBC}") = "TDDCourse.ShoppingBasket.Test", "tests\TDDCourse.ShoppingBasket.Test\TDDCourse.ShoppingBasket.Test.csproj", "{7F494E51-5092-45A2-BF94-14A0C93B44F2}"
EndProject
Project("{FAE04EC0-301F-11D3-BF4B-00C04F79EFBC}") = "TDDCourse.CdWarehouse.Test", "tests\TDDCourse.CdWarehouse.Test\TDDCourse.CdWarehouse.Test.csproj", "{837C17BE-B8EE-4CF0-B366-19986410549E}"
EndProject
Project("{FAE04EC0-301F-11D3-BF4B-00C04F79EFBC}") = "TDDCourse.CdWarehouse", "src\TDDCourse.CdWarehouse\TDDCourse.CdWarehouse.csproj", "{BC733D49-E06E-4D85-BD34-7EB28AFCBBA2}"
EndProject
Global
	GlobalSection(SolutionConfigurationPlatforms) = preSolution
		Debug|Any CPU = Debug|Any CPU
		Release|Any CPU = Release|Any CPU
	EndGlobalSection
	GlobalSection(ProjectConfigurationPlatforms) = postSolution
		{52DBEC11-BAD9-4136-8091-D19E8F2927EA}.Debug|Any CPU.ActiveCfg = Debug|Any CPU
		{52DBEC11-BAD9-4136-8091-D19E8F2927EA}.Debug|Any CPU.Build.0 = Debug|Any CPU
		{52DBEC11-BAD9-4136-8091-D19E8F2927EA}.Release|Any CPU.ActiveCfg = Release|Any CPU
		{52DBEC11-BAD9-4136-8091-D19E8F2927EA}.Release|Any CPU.Build.0 = Release|Any CPU
		{38E8FD10-2C86-4B5F-9EA4-1C46F12B678D}.Debug|Any CPU.ActiveCfg = Debug|Any CPU
		{38E8FD10-2C86-4B5F-9EA4-1C46F12B678D}.Debug|Any CPU.Build.0 = Debug|Any CPU
		{38E8FD10-2C86-4B5F-9EA4-1C46F12B678D}.Release|Any CPU.ActiveCfg = Release|Any CPU
		{38E8FD10-2C86-4B5F-9EA4-1C46F12B678D}.Release|Any CPU.Build.0 = Release|Any CPU
		{38C32B15-F619-4179-A9EE-CBA01C050E84}.Debug|Any CPU.ActiveCfg = Debug|Any CPU
		{38C32B15-F619-4179-A9EE-CBA01C050E84}.Debug|Any CPU.Build.0 = Debug|Any CPU
		{38C32B15-F619-4179-A9EE-CBA01C050E84}.Release|Any CPU.ActiveCfg = Release|Any CPU
		{38C32B15-F619-4179-A9EE-CBA01C050E84}.Release|Any CPU.Build.0 = Release|Any CPU
		{058012C4-A9E6-462A-90BE-6710470B2016}.Debug|Any CPU.ActiveCfg = Debug|Any CPU
		{058012C4-A9E6-462A-90BE-6710470B2016}.Debug|Any CPU.Build.0 = Debug|Any CPU
		{058012C4-A9E6-462A-90BE-6710470B2016}.Release|Any CPU.ActiveCfg = Release|Any CPU
		{058012C4-A9E6-462A-90BE-6710470B2016}.Release|Any CPU.Build.0 = Release|Any CPU
		{3D089A5A-2D01-49C1-B4D7-FADD0DAEAFFE}.Debug|Any CPU.ActiveCfg = Debug|Any CPU
		{3D089A5A-2D01-49C1-B4D7-FADD0DAEAFFE}.Debug|Any CPU.Build.0 = Debug|Any CPU
		{3D089A5A-2D01-49C1-B4D7-FADD0DAEAFFE}.Release|Any CPU.ActiveCfg = Release|Any CPU
		{3D089A5A-2D01-49C1-B4D7-FADD0DAEAFFE}.Release|Any CPU.Build.0 = Release|Any CPU
		{7F494E51-5092-45A2-BF94-14A0C93B44F2}.Debug|Any CPU.ActiveCfg = Debug|Any CPU
		{7F494E51-5092-45A2-BF94-14A0C93B44F2}.Debug|Any CPU.Build.0 = Debug|Any CPU
		{7F494E51-5092-45A2-BF94-14A0C93B44F2}.Release|Any CPU.ActiveCfg = Release|Any CPU
		{7F494E51-5092-45A2-BF94-14A0C93B44F2}.Release|Any CPU.Build.0 = Release|Any CPU
		{837C17BE-B8EE-4CF0-B366-19986410549E}.Debug|Any CPU.ActiveCfg = Debug|Any CPU
		{837C17BE-B8EE-4CF0-B366-19986410549E}.Debug|Any CPU.Build.0 = Debug|Any CPU
		{837C17BE-B8EE-4CF0-B366-19986410549E}.Release|Any CPU.ActiveCfg = Release|Any CPU
		{837C17BE-B8EE-4CF0-B366-19986410549E}.Release|Any CPU.Build.0 = Release|Any CPU
		{BC733D49-E06E-4D85-BD34-7EB28AFCBBA2}.Debug|Any CPU.ActiveCfg = Debug|Any CPU
		{BC733D49-E06E-4D85-BD34-7EB28AFCBBA2}.Debug|Any CPU.Build.0 = Debug|Any CPU
		{BC733D49-E06E-4D85-BD34-7EB28AFCBBA2}.Release|Any CPU.ActiveCfg = Release|Any CPU
		{BC733D49-E06E-4D85-BD34-7EB28AFCBBA2}.Release|Any CPU.Build.0 = Release|Any CPU
	EndGlobalSection
	GlobalSection(SolutionProperties) = preSolution
		HideSolutionNode = FALSE
	EndGlobalSection
	GlobalSection(NestedProjects) = preSolution
		{52DBEC11-BAD9-4136-8091-D19E8F2927EA} = {60A9E2EA-FB2D-494C-A562-C2F6350338EA}
		{38E8FD10-2C86-4B5F-9EA4-1C46F12B678D} = {60A9E2EA-FB2D-494C-A562-C2F6350338EA}
		{38C32B15-F619-4179-A9EE-CBA01C050E84} = {82378BB7-307D-4886-90AF-A71A0E807FE3}
		{058012C4-A9E6-462A-90BE-6710470B2016} = {82378BB7-307D-4886-90AF-A71A0E807FE3}
		{3D089A5A-2D01-49C1-B4D7-FADD0DAEAFFE} = {60A9E2EA-FB2D-494C-A562-C2F6350338EA}
		{7F494E51-5092-45A2-BF94-14A0C93B44F2} = {82378BB7-307D-4886-90AF-A71A0E807FE3}
		{837C17BE-B8EE-4CF0-B366-19986410549E} = {82378BB7-307D-4886-90AF-A71A0E807FE3}
		{BC733D49-E06E-4D85-BD34-7EB28AFCBBA2} = {60A9E2EA-FB2D-494C-A562-C2F6350338EA}
	EndGlobalSection
	GlobalSection(ExtensibilityGlobals) = postSolution
		SolutionGuid = {133CE591-6595-49DD-AC8D-09322C7E6D25}
	EndGlobalSection
EndGlobal
